<?xml version="1.0" encoding="UTF-8" standalone="yes" ?>
<CodeBlocks_project_file>
	<FileVersion major="1" minor="6" />
	<Project>
		<Option title="interpo-sdl" />
		<Option pch_mode="2" />
		<Option compiler="gcc" />
		<Build>
			<Target title="Debug">
				<Option output="bin/Debug/interpo-sdl" prefix_auto="1" extension_auto="1" />
				<Option object_output="obj/Debug/" />
				<Option type="1" />
				<Option compiler="gcc" />
				<Compiler>
					<Add option="-g" />
				</Compiler>
			</Target>
			<Target title="Release">
				<Option output="bin/Release/interpo-sdl" prefix_auto="1" extension_auto="1" />
				<Option object_output="obj/Release/" />
				<Option type="0" />
				<Option compiler="gcc" />
				<Compiler>
					<Add option="-O2" />
				</Compiler>
				<Linker>
					<Add option="-s" />
				</Linker>
			</Target>
			<Target title="test">
				<Option output="bin/test/interpo-sdl" prefix_auto="1" extension_auto="1" />
				<Option working_dir="bin/test/" />
				<Option object_output="obj/test/" />
				<Option type="1" />
				<Option compiler="gcc" />
				<Compiler>
					<Add option="-O2" />
				</Compiler>
				<Linker>
					<Add option="-s" />
				</Linker>
			</Target>
		</Build>
		<Compiler>
			<Add option="`sdl-config --cflags`" />
			<Add option="-Wall" />
		</Compiler>
		<Linker>
			<Add option="`sdl-config --libs`" />
		</Linker>
		<Unit filename="Frame.cpp">
			<Option target="Debug" />
			<Option target="Release" />
		</Unit>
		<Unit filename="Frame.h">
			<Option target="Debug" />
			<Option target="Release" />
		</Unit>
		<Unit filename="HGN200mg.txt" />
		<Unit filename="Main.cpp">
			<Option target="Debug" />
			<Option target="Release" />
		</Unit>
		<Unit filename="cb.bmp" />
		<Unit filename="img/bn-init-off.bmp">
			<Option target="Debug" />
			<Option target="Release" />
		</Unit>
		<Unit filename="img/bn-init-on.bmp">
			<Option target="Debug" />
			<Option target="Release" />
		</Unit>
		<Unit filename="img/bn-interpo1-off.bmp">
			<Option target="Debug" />
			<Option target="Release" />
		</Unit>
		<Unit filename="img/bn-interpo1-on.bmp">
			<Option target="Debug" />
			<Option target="Release" />
		</Unit>
		<Unit filename="interpoApp.cpp" />
		<Unit filename="interpoApp.h" />
		<Unit filename="libsdl.cpp" />
		<Unit filename="libsdl.h" />
		<Extensions>
			<envvars />
			<code_completion />
			<lib_finder disable_auto="1" />
			<debugger />
		</Extensions>
	</Project>
</CodeBlocks_project_file>
